
Microsoft Visual Studio Solution File, Format Version 12.00
Project("{FAE04EC0-301F-11D3-BF4B-00C04F79EFBC}") = "TelegramService", "TelegramService\TelegramService.csproj", "{DC0A21C5-E1EB-45E9-A290-AC903283048D}"
EndProject
Project("{2150E333-8FDC-42A3-9474-1A3956D46DE8}") = "src", "src", "{5959F549-9D65-4506-9446-2636726C09F2}"
EndProject
Project("{2150E333-8FDC-42A3-9474-1A3956D46DE8}") = "tests", "tests", "{79973EF1-9AD4-4FD2-A0E7-7DF800BB3316}"
EndProject
Project("{FAE04EC0-301F-11D3-BF4B-00C04F79EFBC}") = "TelegramService.Api", "TelegramService.Api\TelegramService.Api.csproj", "{FFB63878-CA3D-45A5-A661-ED1BB5997C25}"
EndProject
Project("{FAE04EC0-301F-11D3-BF4B-00C04F79EFBC}") = "TelegramService.Domain", "TelegramService.Domain\TelegramService.Domain.csproj", "{6337CFE3-CE91-45D0-B54C-451902781F34}"
EndProject
Project("{FAE04EC0-301F-11D3-BF4B-00C04F79EFBC}") = "TelegramService.Infrastructure", "TelegramService.Infrastructure\TelegramService.Infrastructure.csproj", "{C28FF1CA-A71C-41E6-88A4-89FC7C8E3E7A}"
EndProject
Project("{FAE04EC0-301F-11D3-BF4B-00C04F79EFBC}") = "TelegramService.Shared", "TelegramService.Shared\TelegramService.Shared.csproj", "{CF0E1E3C-0C1E-4A40-9E73-F3C7056B63F3}"
EndProject
Project("{FAE04EC0-301F-11D3-BF4B-00C04F79EFBC}") = "TelegramService.Api.Tests", "TelegramService.Api.Tests\TelegramService.Api.Tests.csproj", "{8E2AE381-BC67-4610-B8DF-9C89C1B56467}"
EndProject
Project("{FAE04EC0-301F-11D3-BF4B-00C04F79EFBC}") = "TelegramService.Domain.Tests", "TelegramService.Domain.Tests\TelegramService.Domain.Tests.csproj", "{DFFA1F4E-B673-419E-95B2-5FDE14E5AA14}"
EndProject
Project("{FAE04EC0-301F-11D3-BF4B-00C04F79EFBC}") = "TelegramService.Infrastructure.Tests", "TelegramService.Infrastructure.Tests\TelegramService.Infrastructure.Tests.csproj", "{158C02E2-302A-450C-BCD3-766830648B9C}"
EndProject
Global
	GlobalSection(SolutionConfigurationPlatforms) = preSolution
		Debug|Any CPU = Debug|Any CPU
		Release|Any CPU = Release|Any CPU
	EndGlobalSection
	GlobalSection(ProjectConfigurationPlatforms) = postSolution
		{DC0A21C5-E1EB-45E9-A290-AC903283048D}.Debug|Any CPU.ActiveCfg = Debug|Any CPU
		{DC0A21C5-E1EB-45E9-A290-AC903283048D}.Debug|Any CPU.Build.0 = Debug|Any CPU
		{DC0A21C5-E1EB-45E9-A290-AC903283048D}.Release|Any CPU.ActiveCfg = Release|Any CPU
		{DC0A21C5-E1EB-45E9-A290-AC903283048D}.Release|Any CPU.Build.0 = Release|Any CPU
		{FFB63878-CA3D-45A5-A661-ED1BB5997C25}.Debug|Any CPU.ActiveCfg = Debug|Any CPU
		{FFB63878-CA3D-45A5-A661-ED1BB5997C25}.Debug|Any CPU.Build.0 = Debug|Any CPU
		{FFB63878-CA3D-45A5-A661-ED1BB5997C25}.Release|Any CPU.ActiveCfg = Release|Any CPU
		{FFB63878-CA3D-45A5-A661-ED1BB5997C25}.Release|Any CPU.Build.0 = Release|Any CPU
		{6337CFE3-CE91-45D0-B54C-451902781F34}.Debug|Any CPU.ActiveCfg = Debug|Any CPU
		{6337CFE3-CE91-45D0-B54C-451902781F34}.Debug|Any CPU.Build.0 = Debug|Any CPU
		{6337CFE3-CE91-45D0-B54C-451902781F34}.Release|Any CPU.ActiveCfg = Release|Any CPU
		{6337CFE3-CE91-45D0-B54C-451902781F34}.Release|Any CPU.Build.0 = Release|Any CPU
		{C28FF1CA-A71C-41E6-88A4-89FC7C8E3E7A}.Debug|Any CPU.ActiveCfg = Debug|Any CPU
		{C28FF1CA-A71C-41E6-88A4-89FC7C8E3E7A}.Debug|Any CPU.Build.0 = Debug|Any CPU
		{C28FF1CA-A71C-41E6-88A4-89FC7C8E3E7A}.Release|Any CPU.ActiveCfg = Release|Any CPU
		{C28FF1CA-A71C-41E6-88A4-89FC7C8E3E7A}.Release|Any CPU.Build.0 = Release|Any CPU
		{CF0E1E3C-0C1E-4A40-9E73-F3C7056B63F3}.Debug|Any CPU.ActiveCfg = Debug|Any CPU
		{CF0E1E3C-0C1E-4A40-9E73-F3C7056B63F3}.Debug|Any CPU.Build.0 = Debug|Any CPU
		{CF0E1E3C-0C1E-4A40-9E73-F3C7056B63F3}.Release|Any CPU.ActiveCfg = Release|Any CPU
		{CF0E1E3C-0C1E-4A40-9E73-F3C7056B63F3}.Release|Any CPU.Build.0 = Release|Any CPU
		{8E2AE381-BC67-4610-B8DF-9C89C1B56467}.Debug|Any CPU.ActiveCfg = Debug|Any CPU
		{8E2AE381-BC67-4610-B8DF-9C89C1B56467}.Debug|Any CPU.Build.0 = Debug|Any CPU
		{8E2AE381-BC67-4610-B8DF-9C89C1B56467}.Release|Any CPU.ActiveCfg = Release|Any CPU
		{8E2AE381-BC67-4610-B8DF-9C89C1B56467}.Release|Any CPU.Build.0 = Release|Any CPU
		{DFFA1F4E-B673-419E-95B2-5FDE14E5AA14}.Debug|Any CPU.ActiveCfg = Debug|Any CPU
		{DFFA1F4E-B673-419E-95B2-5FDE14E5AA14}.Debug|Any CPU.Build.0 = Debug|Any CPU
		{DFFA1F4E-B673-419E-95B2-5FDE14E5AA14}.Release|Any CPU.ActiveCfg = Release|Any CPU
		{DFFA1F4E-B673-419E-95B2-5FDE14E5AA14}.Release|Any CPU.Build.0 = Release|Any CPU
		{158C02E2-302A-450C-BCD3-766830648B9C}.Debug|Any CPU.ActiveCfg = Debug|Any CPU
		{158C02E2-302A-450C-BCD3-766830648B9C}.Debug|Any CPU.Build.0 = Debug|Any CPU
		{158C02E2-302A-450C-BCD3-766830648B9C}.Release|Any CPU.ActiveCfg = Release|Any CPU
		{158C02E2-302A-450C-BCD3-766830648B9C}.Release|Any CPU.Build.0 = Release|Any CPU
	EndGlobalSection
	GlobalSection(NestedProjects) = preSolution
		{DC0A21C5-E1EB-45E9-A290-AC903283048D} = {5959F549-9D65-4506-9446-2636726C09F2}
		{FFB63878-CA3D-45A5-A661-ED1BB5997C25} = {5959F549-9D65-4506-9446-2636726C09F2}
		{6337CFE3-CE91-45D0-B54C-451902781F34} = {5959F549-9D65-4506-9446-2636726C09F2}
		{C28FF1CA-A71C-41E6-88A4-89FC7C8E3E7A} = {5959F549-9D65-4506-9446-2636726C09F2}
		{CF0E1E3C-0C1E-4A40-9E73-F3C7056B63F3} = {5959F549-9D65-4506-9446-2636726C09F2}
		{8E2AE381-BC67-4610-B8DF-9C89C1B56467} = {79973EF1-9AD4-4FD2-A0E7-7DF800BB3316}
		{DFFA1F4E-B673-419E-95B2-5FDE14E5AA14} = {79973EF1-9AD4-4FD2-A0E7-7DF800BB3316}
		{158C02E2-302A-450C-BCD3-766830648B9C} = {79973EF1-9AD4-4FD2-A0E7-7DF800BB3316}
	EndGlobalSection
EndGlobal
